dependencies:
- name: activiti-keycloak
  repository: https://activiti.github.io/activiti-cloud-helm-charts/
  version: 0.0.18
- name: activiti-cloud-gateway
  repository: https://activiti.github.io/activiti-cloud-helm-charts/
  version: 7.1.9
- name: activiti-cloud-query
  repository: https://activiti.github.io/activiti-cloud-helm-charts/
  version: 7.1.81
- name: activiti-cloud-audit
  repository: https://activiti.github.io/activiti-cloud-helm-charts/
  version: 7.1.92
- name: rabbitmq-ha
  repository: https://kubernetes-charts.storage.googleapis.com
  version: 1.19.0
- name: postgresql
  repository: https://kubernetes-charts.storage.googleapis.com
  version: 3.11.3
- name: runtime-bundle
  repository: https://activiti.github.io/activiti-cloud-helm-charts/
  version: 7.1.113
- name: activiti-cloud-connector
  repository: https://activiti.github.io/activiti-cloud-helm-charts/
  version: 7.1.100
- name: activiti-cloud-notifications-graphql
  repository: https://activiti.github.io/activiti-cloud-helm-charts/
  version: 7.1.78
- name: activiti-cloud-modeling
  repository: https://activiti.github.io/activiti-cloud-helm-charts/
  version: 7.1.143
digest: sha256:6cdda97107a66c3060302b67727b148108e98befed869c14b2adb5dc9aeec331
generated: 2019-05-15T10:02:07.590385713Z
