dependencies:
- name: activiti-cloud-identity
  repository: https://activiti.github.io/activiti-cloud-helm-charts/
  version: 0.0.7
- name: activiti-keycloak
  repository: https://activiti.github.io/activiti-cloud-helm-charts/
  version: 0.0.22
- name: activiti-cloud-gateway
  repository: https://activiti.github.io/activiti-cloud-helm-charts/
  version: 7.1.13
- name: activiti-cloud-query
  repository: https://activiti.github.io/activiti-cloud-helm-charts/
  version: 7.1.104
- name: activiti-cloud-audit
  repository: https://activiti.github.io/activiti-cloud-helm-charts/
  version: 7.1.109
- name: rabbitmq-ha
  repository: https://kubernetes-charts.storage.googleapis.com
  version: 1.19.0
- name: postgresql
  repository: https://kubernetes-charts.storage.googleapis.com
  version: 3.11.3
- name: runtime-bundle
  repository: https://activiti.github.io/activiti-cloud-helm-charts/
  version: 7.1.139
- name: activiti-cloud-connector
  repository: https://activiti.github.io/activiti-cloud-helm-charts/
  version: 7.1.120
- name: activiti-cloud-notifications-graphql
  repository: https://activiti.github.io/activiti-cloud-helm-charts/
  version: 7.1.102
- name: activiti-cloud-modeling
  repository: https://activiti.github.io/activiti-cloud-helm-charts/
  version: 7.1.185
digest: sha256:02e7627e2742446a04fc3492e007d2219657f9f5a04a7d290b9884bb35e3c729
generated: 2019-06-14T12:40:25.444088774Z
